
Microsoft Visual Studio Solution File, Format Version 12.00
# Visual Studio Version 17
VisualStudioVersion = 17.0.32112.339
MinimumVisualStudioVersion = 10.0.40219.1
Project("{9A19103F-16F7-4668-BE54-9A1E7A4F7556}") = "IdentityWithoutGoogle", "IdentityWithoutGoogle\IdentityWithoutGoogle.csproj", "{3E1C0A63-2018-4692-8FCD-25F3985720FB}"
EndProject
Project("{9A19103F-16F7-4668-BE54-9A1E7A4F7556}") = "IdentityWithGoogle", "IdentityWithGoogle\IdentityWithGoogle.csproj", "{5906D9F0-F930-418D-9B62-26896828BFF1}"
EndProject
Project("{9A19103F-16F7-4668-BE54-9A1E7A4F7556}") = "Oidc.AuthorizationServerWithOpenIddict", "Oidc.AuthorizationServerWithOpenIddict\Oidc.AuthorizationServerWithOpenIddict.csproj", "{2821DDA9-2E18-4473-86A5-D08DC20C95CC}"
EndProject
Project("{9A19103F-16F7-4668-BE54-9A1E7A4F7556}") = "Oidc.AuthorizationClient", "Oidc.AuthorizationClient\Oidc.AuthorizationClient.csproj", "{A889EB13-4E87-445A-8891-62DEDFC1AFBD}"
EndProject
Project("{9A19103F-16F7-4668-BE54-9A1E7A4F7556}") = "Oidc.ResourceServer", "Oidc.ResourceServer\Oidc.ResourceServer.csproj", "{29751C1A-E7D1-44E3-AE42-A25A27FCA925}"
EndProject
Project("{9A19103F-16F7-4668-BE54-9A1E7A4F7556}") = "Oidc.SecondResourceServer", "Oidc.SecondResourceServer\Oidc.SecondResourceServer.csproj", "{A4A280BB-C86C-4A20-B813-7C72CC9F7274}"
EndProject
Project("{9A19103F-16F7-4668-BE54-9A1E7A4F7556}") = "Basic.Server", "Basic.Server\Basic.Server.csproj", "{35B3A692-47D8-4D6F-BA7D-31A4D72382BC}"
EndProject
Project("{FAE04EC0-301F-11D3-BF4B-00C04F79EFBC}") = "Digest.Server", "Digest.Server\Digest.Server.csproj", "{1ABACEAA-9F97-4C39-BD1D-2567B8E79CDC}"
EndProject
Global
	GlobalSection(SolutionConfigurationPlatforms) = preSolution
		Debug|Any CPU = Debug|Any CPU
		Release|Any CPU = Release|Any CPU
	EndGlobalSection
	GlobalSection(ProjectConfigurationPlatforms) = postSolution
		{3E1C0A63-2018-4692-8FCD-25F3985720FB}.Debug|Any CPU.ActiveCfg = Debug|Any CPU
		{3E1C0A63-2018-4692-8FCD-25F3985720FB}.Debug|Any CPU.Build.0 = Debug|Any CPU
		{3E1C0A63-2018-4692-8FCD-25F3985720FB}.Release|Any CPU.ActiveCfg = Release|Any CPU
		{3E1C0A63-2018-4692-8FCD-25F3985720FB}.Release|Any CPU.Build.0 = Release|Any CPU
		{5906D9F0-F930-418D-9B62-26896828BFF1}.Debug|Any CPU.ActiveCfg = Debug|Any CPU
		{5906D9F0-F930-418D-9B62-26896828BFF1}.Debug|Any CPU.Build.0 = Debug|Any CPU
		{5906D9F0-F930-418D-9B62-26896828BFF1}.Release|Any CPU.ActiveCfg = Release|Any CPU
		{5906D9F0-F930-418D-9B62-26896828BFF1}.Release|Any CPU.Build.0 = Release|Any CPU
		{2821DDA9-2E18-4473-86A5-D08DC20C95CC}.Debug|Any CPU.ActiveCfg = Debug|Any CPU
		{2821DDA9-2E18-4473-86A5-D08DC20C95CC}.Debug|Any CPU.Build.0 = Debug|Any CPU
		{2821DDA9-2E18-4473-86A5-D08DC20C95CC}.Release|Any CPU.ActiveCfg = Release|Any CPU
		{2821DDA9-2E18-4473-86A5-D08DC20C95CC}.Release|Any CPU.Build.0 = Release|Any CPU
		{A889EB13-4E87-445A-8891-62DEDFC1AFBD}.Debug|Any CPU.ActiveCfg = Debug|Any CPU
		{A889EB13-4E87-445A-8891-62DEDFC1AFBD}.Debug|Any CPU.Build.0 = Debug|Any CPU
		{A889EB13-4E87-445A-8891-62DEDFC1AFBD}.Release|Any CPU.ActiveCfg = Release|Any CPU
		{A889EB13-4E87-445A-8891-62DEDFC1AFBD}.Release|Any CPU.Build.0 = Release|Any CPU
		{29751C1A-E7D1-44E3-AE42-A25A27FCA925}.Debug|Any CPU.ActiveCfg = Debug|Any CPU
		{29751C1A-E7D1-44E3-AE42-A25A27FCA925}.Debug|Any CPU.Build.0 = Debug|Any CPU
		{29751C1A-E7D1-44E3-AE42-A25A27FCA925}.Release|Any CPU.ActiveCfg = Release|Any CPU
		{29751C1A-E7D1-44E3-AE42-A25A27FCA925}.Release|Any CPU.Build.0 = Release|Any CPU
		{A4A280BB-C86C-4A20-B813-7C72CC9F7274}.Debug|Any CPU.ActiveCfg = Debug|Any CPU
		{A4A280BB-C86C-4A20-B813-7C72CC9F7274}.Debug|Any CPU.Build.0 = Debug|Any CPU
		{A4A280BB-C86C-4A20-B813-7C72CC9F7274}.Release|Any CPU.ActiveCfg = Release|Any CPU
		{A4A280BB-C86C-4A20-B813-7C72CC9F7274}.Release|Any CPU.Build.0 = Release|Any CPU
		{35B3A692-47D8-4D6F-BA7D-31A4D72382BC}.Debug|Any CPU.ActiveCfg = Debug|Any CPU
		{35B3A692-47D8-4D6F-BA7D-31A4D72382BC}.Debug|Any CPU.Build.0 = Debug|Any CPU
		{35B3A692-47D8-4D6F-BA7D-31A4D72382BC}.Release|Any CPU.ActiveCfg = Release|Any CPU
		{35B3A692-47D8-4D6F-BA7D-31A4D72382BC}.Release|Any CPU.Build.0 = Release|Any CPU
		{1ABACEAA-9F97-4C39-BD1D-2567B8E79CDC}.Debug|Any CPU.ActiveCfg = Debug|Any CPU
		{1ABACEAA-9F97-4C39-BD1D-2567B8E79CDC}.Debug|Any CPU.Build.0 = Debug|Any CPU
		{1ABACEAA-9F97-4C39-BD1D-2567B8E79CDC}.Release|Any CPU.ActiveCfg = Release|Any CPU
		{1ABACEAA-9F97-4C39-BD1D-2567B8E79CDC}.Release|Any CPU.Build.0 = Release|Any CPU
	EndGlobalSection
	GlobalSection(SolutionProperties) = preSolution
		HideSolutionNode = FALSE
	EndGlobalSection
	GlobalSection(ExtensibilityGlobals) = postSolution
		SolutionGuid = {DBFC2827-773E-46E5-8AF4-59DCF62095D1}
	EndGlobalSection
EndGlobal
