
Microsoft Visual Studio Solution File, Format Version 12.00
# Visual Studio Version 17
VisualStudioVersion = 17.2.32602.215
MinimumVisualStudioVersion = 10.0.40219.1
Project("{FAE04EC0-301F-11D3-BF4B-00C04F79EFBC}") = "CsConsoleSample", "CsConsoleSample\CsConsoleSample.csproj", "{8DE9001B-18C2-4A6B-9DB7-0CFF56BB41B7}"
EndProject
Global
	GlobalSection(SolutionConfigurationPlatforms) = preSolution
		Debug|Any CPU = Debug|Any CPU
		Release|Any CPU = Release|Any CPU
	EndGlobalSection
	GlobalSection(ProjectConfigurationPlatforms) = postSolution
		{8DE9001B-18C2-4A6B-9DB7-0CFF56BB41B7}.Debug|Any CPU.ActiveCfg = Debug|Any CPU
		{8DE9001B-18C2-4A6B-9DB7-0CFF56BB41B7}.Debug|Any CPU.Build.0 = Debug|Any CPU
		{8DE9001B-18C2-4A6B-9DB7-0CFF56BB41B7}.Release|Any CPU.ActiveCfg = Release|Any CPU
		{8DE9001B-18C2-4A6B-9DB7-0CFF56BB41B7}.Release|Any CPU.Build.0 = Release|Any CPU
	EndGlobalSection
	GlobalSection(SolutionProperties) = preSolution
		HideSolutionNode = FALSE
	EndGlobalSection
	GlobalSection(ExtensibilityGlobals) = postSolution
		SolutionGuid = {F8EEE94B-9033-4483-BCAE-953BCC518383}
	EndGlobalSection
EndGlobal
