
Microsoft Visual Studio Solution File, Format Version 12.00
# Visual Studio Version 16
VisualStudioVersion = 16.0.31424.327
MinimumVisualStudioVersion = 10.0.40219.1
Project("{FAE04EC0-301F-11D3-BF4B-00C04F79EFBC}") = "Api", "Api\Api.csproj", "{035A84DA-FF43-4F1A-A517-FC62EB338E3A}"
EndProject
Project("{FAE04EC0-301F-11D3-BF4B-00C04F79EFBC}") = "Service", "Service\Service.csproj", "{8C9E1973-6384-4E8D-8084-A33BEC92681A}"
EndProject
Global
	GlobalSection(SolutionConfigurationPlatforms) = preSolution
		Debug|Any CPU = Debug|Any CPU
		Release|Any CPU = Release|Any CPU
	EndGlobalSection
	GlobalSection(ProjectConfigurationPlatforms) = postSolution
		{035A84DA-FF43-4F1A-A517-FC62EB338E3A}.Debug|Any CPU.ActiveCfg = Debug|Any CPU
		{035A84DA-FF43-4F1A-A517-FC62EB338E3A}.Debug|Any CPU.Build.0 = Debug|Any CPU
		{035A84DA-FF43-4F1A-A517-FC62EB338E3A}.Release|Any CPU.ActiveCfg = Release|Any CPU
		{035A84DA-FF43-4F1A-A517-FC62EB338E3A}.Release|Any CPU.Build.0 = Release|Any CPU
		{8C9E1973-6384-4E8D-8084-A33BEC92681A}.Debug|Any CPU.ActiveCfg = Debug|Any CPU
		{8C9E1973-6384-4E8D-8084-A33BEC92681A}.Debug|Any CPU.Build.0 = Debug|Any CPU
		{8C9E1973-6384-4E8D-8084-A33BEC92681A}.Release|Any CPU.ActiveCfg = Release|Any CPU
		{8C9E1973-6384-4E8D-8084-A33BEC92681A}.Release|Any CPU.Build.0 = Release|Any CPU
	EndGlobalSection
	GlobalSection(SolutionProperties) = preSolution
		HideSolutionNode = FALSE
	EndGlobalSection
	GlobalSection(ExtensibilityGlobals) = postSolution
		SolutionGuid = {15D492E4-E759-4D0F-B3B7-B50DD98B55AF}
	EndGlobalSection
EndGlobal
